// !$*UTF8*$!
{
	archiveVersion = 1;
	classes = {
	};
	objectVersion = 56;
	objects = {

/* Begin PBXBuildFile section */
		AA074D412C3ADFF0001AFC77 /* BaseViewController.swift in Sources */ = {isa = PBXBuildFile; fileRef = AA074D402C3ADFF0001AFC77 /* BaseViewController.swift */; };
		AA5850842C25511C007B92FD /* LikedToggleItem.swift in Sources */ = {isa = PBXBuildFile; fileRef = AA5850832C25511C007B92FD /* LikedToggleItem.swift */; };
		AA5850862C256013007B92FD /* RecentSearch.swift in Sources */ = {isa = PBXBuildFile; fileRef = AA5850852C256013007B92FD /* RecentSearch.swift */; };
		AA5850882C258126007B92FD /* ThreeCollectionViewController.swift in Sources */ = {isa = PBXBuildFile; fileRef = AA5850872C258126007B92FD /* ThreeCollectionViewController.swift */; };
		AA58508A2C265B01007B92FD /* HomeViewController+Search.swift in Sources */ = {isa = PBXBuildFile; fileRef = AA5850892C265B01007B92FD /* HomeViewController+Search.swift */; };
		AA58508C2C265B37007B92FD /* HomeViewController+UICollectionView.swift in Sources */ = {isa = PBXBuildFile; fileRef = AA58508B2C265B37007B92FD /* HomeViewController+UICollectionView.swift */; };
		AA58508F2C26943A007B92FD /* ThreeCollectionCell.swift in Sources */ = {isa = PBXBuildFile; fileRef = AA58508E2C26943A007B92FD /* ThreeCollectionCell.swift */; };
		AA5850C72C2979CD007B92FD /* SettingView+Alert.swift in Sources */ = {isa = PBXBuildFile; fileRef = AA5850C62C2979CD007B92FD /* SettingView+Alert.swift */; };
		AA5850C92C297A89007B92FD /* SearchResult+Alert.swift in Sources */ = {isa = PBXBuildFile; fileRef = AA5850C82C297A89007B92FD /* SearchResult+Alert.swift */; };
		AA5850CD2C298590007B92FD /* Profile+Nickname+Ext.swift in Sources */ = {isa = PBXBuildFile; fileRef = AA5850CC2C298590007B92FD /* Profile+Nickname+Ext.swift */; };
		AA5850CF2C29888C007B92FD /* Profile+Autolayout+Ext.swift in Sources */ = {isa = PBXBuildFile; fileRef = AA5850CE2C29888C007B92FD /* Profile+Autolayout+Ext.swift */; };
		AA6BD3092C3D5E0400107AF6 /* Observable.swift in Sources */ = {isa = PBXBuildFile; fileRef = AA6BD3082C3D5E0400107AF6 /* Observable.swift */; };
		AA6BD30C2C3D5E3500107AF6 /* ProfileSettingViewModel.swift in Sources */ = {isa = PBXBuildFile; fileRef = AA6BD30B2C3D5E3500107AF6 /* ProfileSettingViewModel.swift */; };
		AA6CB5B82C1D4B720089E3B7 /* OnboardingView.swift in Sources */ = {isa = PBXBuildFile; fileRef = AA6CB5B72C1D4B720089E3B7 /* OnboardingView.swift */; };
		AA6CB5BA2C1D4D6C0089E3B7 /* ProfileSettingViewController.swift in Sources */ = {isa = PBXBuildFile; fileRef = AA6CB5B92C1D4D6C0089E3B7 /* ProfileSettingViewController.swift */; };
		AA6CB5BC2C1D52EF0089E3B7 /* NewProfileSelectionViewController.swift in Sources */ = {isa = PBXBuildFile; fileRef = AA6CB5BB2C1D52EF0089E3B7 /* NewProfileSelectionViewController.swift */; };
		AA6CB5BF2C1D597A0089E3B7 /* ProfileImageView.swift in Sources */ = {isa = PBXBuildFile; fileRef = AA6CB5BE2C1D597A0089E3B7 /* ProfileImageView.swift */; };
		AA6CB5C12C1D599F0089E3B7 /* SettingViewController.swift in Sources */ = {isa = PBXBuildFile; fileRef = AA6CB5C02C1D599F0089E3B7 /* SettingViewController.swift */; };
		AA6CB5C32C1D6BB10089E3B7 /* ProfileCell.swift in Sources */ = {isa = PBXBuildFile; fileRef = AA6CB5C22C1D6BB10089E3B7 /* ProfileCell.swift */; };
		AA6CB5C52C1DBF6F0089E3B7 /* ProfileTableViewCell.swift in Sources */ = {isa = PBXBuildFile; fileRef = AA6CB5C42C1DBF6F0089E3B7 /* ProfileTableViewCell.swift */; };
		AA6CB5C72C1DCC570089E3B7 /* LikeNotification.swift in Sources */ = {isa = PBXBuildFile; fileRef = AA6CB5C62C1DCC570089E3B7 /* LikeNotification.swift */; };
		AA6CB5CF2C1ECC770089E3B7 /* SearchResultsViewController.swift in Sources */ = {isa = PBXBuildFile; fileRef = AA6CB5CE2C1ECC770089E3B7 /* SearchResultsViewController.swift */; };
		AA6CB5D12C1ECCD90089E3B7 /* MainTabBarController.swift in Sources */ = {isa = PBXBuildFile; fileRef = AA6CB5D02C1ECCD90089E3B7 /* MainTabBarController.swift */; };
		AA6CB5D42C1EE7E10089E3B7 /* RecentSearchTableView.swift in Sources */ = {isa = PBXBuildFile; fileRef = AA6CB5D32C1EE7E10089E3B7 /* RecentSearchTableView.swift */; };
		AA6CB5DA2C1F50550089E3B7 /* Toast in Frameworks */ = {isa = PBXBuildFile; productRef = AA6CB5D92C1F50550089E3B7 /* Toast */; };
		AA6CB6042C2024740089E3B7 /* Color+recap.swift in Sources */ = {isa = PBXBuildFile; fileRef = AA6CB6032C2024740089E3B7 /* Color+recap.swift */; };
		AA6CB6072C20435B0089E3B7 /* Create+Component.swift in Sources */ = {isa = PBXBuildFile; fileRef = AA6CB6062C20435B0089E3B7 /* Create+Component.swift */; };
		AA6CB60F2C20637A0089E3B7 /* SplashViewController.swift in Sources */ = {isa = PBXBuildFile; fileRef = AA6CB60E2C20637A0089E3B7 /* SplashViewController.swift */; };
		AA8E882B2C1BF0E800B477D3 /* AppDelegate.swift in Sources */ = {isa = PBXBuildFile; fileRef = AA8E882A2C1BF0E800B477D3 /* AppDelegate.swift */; };
		AA8E882D2C1BF0E800B477D3 /* SceneDelegate.swift in Sources */ = {isa = PBXBuildFile; fileRef = AA8E882C2C1BF0E800B477D3 /* SceneDelegate.swift */; };
		AA8E882F2C1BF0E800B477D3 /* ViewController.swift in Sources */ = {isa = PBXBuildFile; fileRef = AA8E882E2C1BF0E800B477D3 /* ViewController.swift */; };
		AA8E88322C1BF0E800B477D3 /* Main.storyboard in Resources */ = {isa = PBXBuildFile; fileRef = AA8E88302C1BF0E800B477D3 /* Main.storyboard */; };
		AA8E88342C1BF0EA00B477D3 /* Assets.xcassets in Resources */ = {isa = PBXBuildFile; fileRef = AA8E88332C1BF0EA00B477D3 /* Assets.xcassets */; };
		AA8E88372C1BF0EA00B477D3 /* LaunchScreen.storyboard in Resources */ = {isa = PBXBuildFile; fileRef = AA8E88352C1BF0EA00B477D3 /* LaunchScreen.storyboard */; };
		AA8E883F2C1BF22E00B477D3 /* .gitignore in Resources */ = {isa = PBXBuildFile; fileRef = AA8E883E2C1BF22E00B477D3 /* .gitignore */; };
		AA8E88412C1BF24300B477D3 /* APIKey.swift in Sources */ = {isa = PBXBuildFile; fileRef = AA8E88402C1BF24300B477D3 /* APIKey.swift */; };
		AA8E88452C1BF31300B477D3 /* SnapKit in Frameworks */ = {isa = PBXBuildFile; productRef = AA8E88442C1BF31300B477D3 /* SnapKit */; };
		AA8E88482C1BF31F00B477D3 /* Alamofire in Frameworks */ = {isa = PBXBuildFile; productRef = AA8E88472C1BF31F00B477D3 /* Alamofire */; };
		AA8E884F2C1BF3EF00B477D3 /* HomeViewController.swift in Sources */ = {isa = PBXBuildFile; fileRef = AA8E884E2C1BF3EF00B477D3 /* HomeViewController.swift */; };
		AA8E88532C1BF49C00B477D3 /* HomeCollectionViewCell.swift in Sources */ = {isa = PBXBuildFile; fileRef = AA8E88522C1BF49C00B477D3 /* HomeCollectionViewCell.swift */; };
		AA8E88562C1BF53D00B477D3 /* Item.swift in Sources */ = {isa = PBXBuildFile; fileRef = AA8E88552C1BF53D00B477D3 /* Item.swift */; };
		AA8E885A2C1BF84700B477D3 /* NetworkManager.swift in Sources */ = {isa = PBXBuildFile; fileRef = AA8E88592C1BF84700B477D3 /* NetworkManager.swift */; };
		AA8E88652C1C078D00B477D3 /* Kingfisher in Frameworks */ = {isa = PBXBuildFile; productRef = AA8E88642C1C078D00B477D3 /* Kingfisher */; };
		AA8E886F2C1C237900B477D3 /* WebViewController.swift in Sources */ = {isa = PBXBuildFile; fileRef = AA8E886E2C1C237900B477D3 /* WebViewController.swift */; };
/* End PBXBuildFile section */

/* Begin PBXFileReference section */
		AA074D402C3ADFF0001AFC77 /* BaseViewController.swift */ = {isa = PBXFileReference; fileEncoding = 4; lastKnownFileType = sourcecode.swift; path = BaseViewController.swift; sourceTree = "<group>"; };
		AA5850832C25511C007B92FD /* LikedToggleItem.swift */ = {isa = PBXFileReference; fileEncoding = 4; lastKnownFileType = sourcecode.swift; path = LikedToggleItem.swift; sourceTree = "<group>"; };
		AA5850852C256013007B92FD /* RecentSearch.swift */ = {isa = PBXFileReference; lastKnownFileType = sourcecode.swift; path = RecentSearch.swift; sourceTree = "<group>"; };
		AA5850872C258126007B92FD /* ThreeCollectionViewController.swift */ = {isa = PBXFileReference; lastKnownFileType = sourcecode.swift; path = ThreeCollectionViewController.swift; sourceTree = "<group>"; };
		AA5850892C265B01007B92FD /* HomeViewController+Search.swift */ = {isa = PBXFileReference; lastKnownFileType = sourcecode.swift; path = "HomeViewController+Search.swift"; sourceTree = "<group>"; };
		AA58508B2C265B37007B92FD /* HomeViewController+UICollectionView.swift */ = {isa = PBXFileReference; lastKnownFileType = sourcecode.swift; path = "HomeViewController+UICollectionView.swift"; sourceTree = "<group>"; };
		AA58508E2C26943A007B92FD /* ThreeCollectionCell.swift */ = {isa = PBXFileReference; lastKnownFileType = sourcecode.swift; path = ThreeCollectionCell.swift; sourceTree = "<group>"; };
		AA5850C62C2979CD007B92FD /* SettingView+Alert.swift */ = {isa = PBXFileReference; lastKnownFileType = sourcecode.swift; path = "SettingView+Alert.swift"; sourceTree = "<group>"; };
		AA5850C82C297A89007B92FD /* SearchResult+Alert.swift */ = {isa = PBXFileReference; lastKnownFileType = sourcecode.swift; path = "SearchResult+Alert.swift"; sourceTree = "<group>"; };
		AA5850CC2C298590007B92FD /* Profile+Nickname+Ext.swift */ = {isa = PBXFileReference; lastKnownFileType = sourcecode.swift; path = "Profile+Nickname+Ext.swift"; sourceTree = "<group>"; };
		AA5850CE2C29888C007B92FD /* Profile+Autolayout+Ext.swift */ = {isa = PBXFileReference; lastKnownFileType = sourcecode.swift; path = "Profile+Autolayout+Ext.swift"; sourceTree = "<group>"; };
		AA6BD3082C3D5E0400107AF6 /* Observable.swift */ = {isa = PBXFileReference; lastKnownFileType = sourcecode.swift; path = Observable.swift; sourceTree = "<group>"; };
		AA6BD30B2C3D5E3500107AF6 /* ProfileSettingViewModel.swift */ = {isa = PBXFileReference; lastKnownFileType = sourcecode.swift; path = ProfileSettingViewModel.swift; sourceTree = "<group>"; };
		AA6CB5B72C1D4B720089E3B7 /* OnboardingView.swift */ = {isa = PBXFileReference; lastKnownFileType = sourcecode.swift; path = OnboardingView.swift; sourceTree = "<group>"; };
		AA6CB5B92C1D4D6C0089E3B7 /* ProfileSettingViewController.swift */ = {isa = PBXFileReference; lastKnownFileType = sourcecode.swift; path = ProfileSettingViewController.swift; sourceTree = "<group>"; };
		AA6CB5BB2C1D52EF0089E3B7 /* NewProfileSelectionViewController.swift */ = {isa = PBXFileReference; lastKnownFileType = sourcecode.swift; path = NewProfileSelectionViewController.swift; sourceTree = "<group>"; };
		AA6CB5BE2C1D597A0089E3B7 /* ProfileImageView.swift */ = {isa = PBXFileReference; lastKnownFileType = sourcecode.swift; path = ProfileImageView.swift; sourceTree = "<group>"; };
		AA6CB5C02C1D599F0089E3B7 /* SettingViewController.swift */ = {isa = PBXFileReference; lastKnownFileType = sourcecode.swift; path = SettingViewController.swift; sourceTree = "<group>"; };
		AA6CB5C22C1D6BB10089E3B7 /* ProfileCell.swift */ = {isa = PBXFileReference; lastKnownFileType = sourcecode.swift; path = ProfileCell.swift; sourceTree = "<group>"; };
		AA6CB5C42C1DBF6F0089E3B7 /* ProfileTableViewCell.swift */ = {isa = PBXFileReference; lastKnownFileType = sourcecode.swift; path = ProfileTableViewCell.swift; sourceTree = "<group>"; };
		AA6CB5C62C1DCC570089E3B7 /* LikeNotification.swift */ = {isa = PBXFileReference; lastKnownFileType = sourcecode.swift; path = LikeNotification.swift; sourceTree = "<group>"; };
		AA6CB5CE2C1ECC770089E3B7 /* SearchResultsViewController.swift */ = {isa = PBXFileReference; fileEncoding = 4; lastKnownFileType = sourcecode.swift; path = SearchResultsViewController.swift; sourceTree = "<group>"; };
		AA6CB5D02C1ECCD90089E3B7 /* MainTabBarController.swift */ = {isa = PBXFileReference; fileEncoding = 4; lastKnownFileType = sourcecode.swift; path = MainTabBarController.swift; sourceTree = "<group>"; };
		AA6CB5D32C1EE7E10089E3B7 /* RecentSearchTableView.swift */ = {isa = PBXFileReference; lastKnownFileType = sourcecode.swift; path = RecentSearchTableView.swift; sourceTree = "<group>"; };
		AA6CB6032C2024740089E3B7 /* Color+recap.swift */ = {isa = PBXFileReference; lastKnownFileType = sourcecode.swift; path = "Color+recap.swift"; sourceTree = "<group>"; };
		AA6CB6062C20435B0089E3B7 /* Create+Component.swift */ = {isa = PBXFileReference; lastKnownFileType = sourcecode.swift; path = "Create+Component.swift"; sourceTree = "<group>"; };
		AA6CB60D2C205E2E0089E3B7 /* CheckReadMe.md */ = {isa = PBXFileReference; lastKnownFileType = net.daringfireball.markdown; path = CheckReadMe.md; sourceTree = "<group>"; };
		AA6CB60E2C20637A0089E3B7 /* SplashViewController.swift */ = {isa = PBXFileReference; lastKnownFileType = sourcecode.swift; path = SplashViewController.swift; sourceTree = "<group>"; };
		AA8E88272C1BF0E800B477D3 /* ShoppingMateApp.app */ = {isa = PBXFileReference; explicitFileType = wrapper.application; includeInIndex = 0; path = ShoppingMateApp.app; sourceTree = BUILT_PRODUCTS_DIR; };
		AA8E882A2C1BF0E800B477D3 /* AppDelegate.swift */ = {isa = PBXFileReference; lastKnownFileType = sourcecode.swift; path = AppDelegate.swift; sourceTree = "<group>"; };
		AA8E882C2C1BF0E800B477D3 /* SceneDelegate.swift */ = {isa = PBXFileReference; lastKnownFileType = sourcecode.swift; path = SceneDelegate.swift; sourceTree = "<group>"; };
		AA8E882E2C1BF0E800B477D3 /* ViewController.swift */ = {isa = PBXFileReference; lastKnownFileType = sourcecode.swift; path = ViewController.swift; sourceTree = "<group>"; };
		AA8E88312C1BF0E800B477D3 /* Base */ = {isa = PBXFileReference; lastKnownFileType = file.storyboard; name = Base; path = Base.lproj/Main.storyboard; sourceTree = "<group>"; };
		AA8E88332C1BF0EA00B477D3 /* Assets.xcassets */ = {isa = PBXFileReference; lastKnownFileType = folder.assetcatalog; path = Assets.xcassets; sourceTree = "<group>"; };
		AA8E88362C1BF0EA00B477D3 /* Base */ = {isa = PBXFileReference; lastKnownFileType = file.storyboard; name = Base; path = Base.lproj/LaunchScreen.storyboard; sourceTree = "<group>"; };
		AA8E88382C1BF0EA00B477D3 /* Info.plist */ = {isa = PBXFileReference; lastKnownFileType = text.plist.xml; path = Info.plist; sourceTree = "<group>"; };
		AA8E883E2C1BF22E00B477D3 /* .gitignore */ = {isa = PBXFileReference; fileEncoding = 4; lastKnownFileType = text; path = .gitignore; sourceTree = "<group>"; };
		AA8E88402C1BF24300B477D3 /* APIKey.swift */ = {isa = PBXFileReference; lastKnownFileType = sourcecode.swift; path = APIKey.swift; sourceTree = "<group>"; };
		AA8E884E2C1BF3EF00B477D3 /* HomeViewController.swift */ = {isa = PBXFileReference; lastKnownFileType = sourcecode.swift; path = HomeViewController.swift; sourceTree = "<group>"; };
		AA8E88522C1BF49C00B477D3 /* HomeCollectionViewCell.swift */ = {isa = PBXFileReference; lastKnownFileType = sourcecode.swift; path = HomeCollectionViewCell.swift; sourceTree = "<group>"; };
		AA8E88552C1BF53D00B477D3 /* Item.swift */ = {isa = PBXFileReference; lastKnownFileType = sourcecode.swift; path = Item.swift; sourceTree = "<group>"; };
		AA8E88592C1BF84700B477D3 /* NetworkManager.swift */ = {isa = PBXFileReference; lastKnownFileType = sourcecode.swift; path = NetworkManager.swift; sourceTree = "<group>"; };
		AA8E886E2C1C237900B477D3 /* WebViewController.swift */ = {isa = PBXFileReference; lastKnownFileType = sourcecode.swift; path = WebViewController.swift; sourceTree = "<group>"; };
/* End PBXFileReference section */

/* Begin PBXFrameworksBuildPhase section */
		AA8E88242C1BF0E800B477D3 /* Frameworks */ = {
			isa = PBXFrameworksBuildPhase;
			buildActionMask = 2147483647;
			files = (
				AA8E88652C1C078D00B477D3 /* Kingfisher in Frameworks */,
				AA8E88452C1BF31300B477D3 /* SnapKit in Frameworks */,
				AA6CB5DA2C1F50550089E3B7 /* Toast in Frameworks */,
				AA8E88482C1BF31F00B477D3 /* Alamofire in Frameworks */,
			);
			runOnlyForDeploymentPostprocessing = 0;
		};
/* End PBXFrameworksBuildPhase section */

/* Begin PBXGroup section */
		AA5850822C2550DF007B92FD /* 파일매니져 */ = {
			isa = PBXGroup;
			children = (
				AA074D402C3ADFF0001AFC77 /* BaseViewController.swift */,
				AA8E88402C1BF24300B477D3 /* APIKey.swift */,
				AA5850832C25511C007B92FD /* LikedToggleItem.swift */,
			);
			name = "파일매니져";
			path = "바꾼거";
			sourceTree = "<group>";
		};
		AA58508D2C266A09007B92FD /* 좋아요한 화면 */ = {
			isa = PBXGroup;
			children = (
				AA5850872C258126007B92FD /* ThreeCollectionViewController.swift */,
				AA58508E2C26943A007B92FD /* ThreeCollectionCell.swift */,
			);
			name = "좋아요한 화면";
			path = "좋아요한 화면";
			sourceTree = "<group>";
		};
		AA5850CA2C29850F007B92FD /* 새프로필선택 */ = {
			isa = PBXGroup;
			children = (
				AA6CB5C22C1D6BB10089E3B7 /* ProfileCell.swift */,
				AA6CB5BB2C1D52EF0089E3B7 /* NewProfileSelectionViewController.swift */,
				AA6CB5BE2C1D597A0089E3B7 /* ProfileImageView.swift */,
			);
			name = "새프로필선택";
			path = "새프로필설정";
			sourceTree = "<group>";
		};
		AA5850CB2C298546007B92FD /* 설정에서새프로필 */ = {
			isa = PBXGroup;
			children = (
				AA6CB5C42C1DBF6F0089E3B7 /* ProfileTableViewCell.swift */,
			);
			name = "설정에서새프로필";
			path = "설정에서새프로필";
			sourceTree = "<group>";
		};
		AA6BD30A2C3D5E2000107AF6 /* 옵져버 */ = {
			isa = PBXGroup;
			children = (
				AA6BD3082C3D5E0400107AF6 /* Observable.swift */,
				AA6BD30B2C3D5E3500107AF6 /* ProfileSettingViewModel.swift */,
			);
			name = "옵져버";
			path = "옵져버";
			sourceTree = "<group>";
		};
		AA6CB5B62C1D4B4D0089E3B7 /* 온보딩 */ = {
			isa = PBXGroup;
			children = (
				AA6CB60E2C20637A0089E3B7 /* SplashViewController.swift */,
				AA6CB5B72C1D4B720089E3B7 /* OnboardingView.swift */,
				AA6CB5D02C1ECCD90089E3B7 /* MainTabBarController.swift */,
				AA6CB6082C2043880089E3B7 /* 프로필설정 */,
				AA5850CB2C298546007B92FD /* 설정에서새프로필 */,
				AA6CB6092C2043C70089E3B7 /* 설정화면 */,
			);
			name = "온보딩";
			path = "온보딩";
			sourceTree = "<group>";
		};
		AA6CB5D22C1EE7D10089E3B7 /* 검색기록 */ = {
			isa = PBXGroup;
			children = (
				AA6CB5D32C1EE7E10089E3B7 /* RecentSearchTableView.swift */,
				AA5850852C256013007B92FD /* RecentSearch.swift */,
			);
			name = "검색기록";
			path = "검색기록";
			sourceTree = "<group>";
		};
		AA6CB6082C2043880089E3B7 /* 프로필설정 */ = {
			isa = PBXGroup;
			children = (
				AA6CB5B92C1D4D6C0089E3B7 /* ProfileSettingViewController.swift */,
				AA5850CC2C298590007B92FD /* Profile+Nickname+Ext.swift */,
				AA5850CE2C29888C007B92FD /* Profile+Autolayout+Ext.swift */,
				AA5850CA2C29850F007B92FD /* 새프로필선택 */,
			);
			name = "프로필설정";
			path = "프로필설정";
			sourceTree = "<group>";
		};
		AA6CB6092C2043C70089E3B7 /* 설정화면 */ = {
			isa = PBXGroup;
			children = (
				AA6CB5C02C1D599F0089E3B7 /* SettingViewController.swift */,
				AA5850C62C2979CD007B92FD /* SettingView+Alert.swift */,
				AA58508D2C266A09007B92FD /* 좋아요한 화면 */,
			);
			name = "설정화면";
			path = "설정화면";
			sourceTree = "<group>";
		};
		AA6CB60A2C2045280089E3B7 /* 검색결과,웹뷰 */ = {
			isa = PBXGroup;
			children = (
				AA6CB5CE2C1ECC770089E3B7 /* SearchResultsViewController.swift */,
				AA8E886E2C1C237900B477D3 /* WebViewController.swift */,
				AA5850C82C297A89007B92FD /* SearchResult+Alert.swift */,
			);
			name = "검색결과,웹뷰";
			path = "검색결과,웹뷰";
			sourceTree = "<group>";
		};
		AA8E881E2C1BF0E800B477D3 = {
			isa = PBXGroup;
			children = (
				AA8E883E2C1BF22E00B477D3 /* .gitignore */,
				AA6CB60D2C205E2E0089E3B7 /* CheckReadMe.md */,
				AA8E88292C1BF0E800B477D3 /* ShoppingMateApp */,
				AA8E88282C1BF0E800B477D3 /* Products */,
			);
			sourceTree = "<group>";
		};
		AA8E88282C1BF0E800B477D3 /* Products */ = {
			isa = PBXGroup;
			children = (
				AA8E88272C1BF0E800B477D3 /* ShoppingMateApp.app */,
			);
			name = Products;
			sourceTree = "<group>";
		};
		AA8E88292C1BF0E800B477D3 /* ShoppingMateApp */ = {
			isa = PBXGroup;
			children = (
				AA6BD30A2C3D5E2000107AF6 /* 옵져버 */,
				AA5850822C2550DF007B92FD /* 파일매니져 */,
				AA6CB5B62C1D4B4D0089E3B7 /* 온보딩 */,
				AA6CB5D22C1EE7D10089E3B7 /* 검색기록 */,
				AA8E885E2C1BFC2700B477D3 /* 확장 */,
				AA8E885B2C1BFA0300B477D3 /* 뷰 */,
				AA8E88542C1BF52D00B477D3 /* 모델 */,
				AA8E882A2C1BF0E800B477D3 /* AppDelegate.swift */,
				AA8E882C2C1BF0E800B477D3 /* SceneDelegate.swift */,
				AA8E882E2C1BF0E800B477D3 /* ViewController.swift */,
				AA8E88302C1BF0E800B477D3 /* Main.storyboard */,
				AA8E88332C1BF0EA00B477D3 /* Assets.xcassets */,
				AA8E88352C1BF0EA00B477D3 /* LaunchScreen.storyboard */,
				AA8E88382C1BF0EA00B477D3 /* Info.plist */,
			);
			path = ShoppingMateApp;
			sourceTree = "<group>";
		};
		AA8E88542C1BF52D00B477D3 /* 모델 */ = {
			isa = PBXGroup;
			children = (
				AA8E88592C1BF84700B477D3 /* NetworkManager.swift */,
				AA8E88552C1BF53D00B477D3 /* Item.swift */,
			);
			name = "모델";
			path = "모델";
			sourceTree = "<group>";
		};
		AA8E885B2C1BFA0300B477D3 /* 뷰 */ = {
			isa = PBXGroup;
			children = (
				AA6CB60A2C2045280089E3B7 /* 검색결과,웹뷰 */,
				AA8E88762C1C49B000B477D3 /* 쇼핑홈뷰 */,
			);
			name = "뷰";
			path = "뷰";
			sourceTree = "<group>";
		};
		AA8E885E2C1BFC2700B477D3 /* 확장 */ = {
			isa = PBXGroup;
			children = (
				AA6CB5C62C1DCC570089E3B7 /* LikeNotification.swift */,
				AA6CB6032C2024740089E3B7 /* Color+recap.swift */,
				AA6CB6062C20435B0089E3B7 /* Create+Component.swift */,
			);
			name = "확장";
			path = "확장";
			sourceTree = "<group>";
		};
		AA8E88762C1C49B000B477D3 /* 쇼핑홈뷰 */ = {
			isa = PBXGroup;
			children = (
				AA8E884E2C1BF3EF00B477D3 /* HomeViewController.swift */,
				AA5850892C265B01007B92FD /* HomeViewController+Search.swift */,
				AA58508B2C265B37007B92FD /* HomeViewController+UICollectionView.swift */,
				AA8E88522C1BF49C00B477D3 /* HomeCollectionViewCell.swift */,
			);
			name = "쇼핑홈뷰";
			path = "홈뷰";
			sourceTree = "<group>";
		};
/* End PBXGroup section */

/* Begin PBXNativeTarget section */
		AA8E88262C1BF0E800B477D3 /* ShoppingMateApp */ = {
			isa = PBXNativeTarget;
			buildConfigurationList = AA8E883B2C1BF0EA00B477D3 /* Build configuration list for PBXNativeTarget "ShoppingMateApp" */;
			buildPhases = (
				AA8E88232C1BF0E800B477D3 /* Sources */,
				AA8E88242C1BF0E800B477D3 /* Frameworks */,
				AA8E88252C1BF0E800B477D3 /* Resources */,
			);
			buildRules = (
			);
			dependencies = (
			);
			name = ShoppingMateApp;
			packageProductDependencies = (
				AA8E88442C1BF31300B477D3 /* SnapKit */,
				AA8E88472C1BF31F00B477D3 /* Alamofire */,
				AA8E88642C1C078D00B477D3 /* Kingfisher */,
				AA6CB5D92C1F50550089E3B7 /* Toast */,
			);
			productName = ShoppingMateApp;
			productReference = AA8E88272C1BF0E800B477D3 /* ShoppingMateApp.app */;
			productType = "com.apple.product-type.application";
		};
/* End PBXNativeTarget section */

/* Begin PBXProject section */
		AA8E881F2C1BF0E800B477D3 /* Project object */ = {
			isa = PBXProject;
			attributes = {
				BuildIndependentTargetsInParallel = 1;
				LastSwiftUpdateCheck = 1500;
				LastUpgradeCheck = 1500;
				TargetAttributes = {
					AA8E88262C1BF0E800B477D3 = {
						CreatedOnToolsVersion = 15.0;
					};
				};
			};
			buildConfigurationList = AA8E88222C1BF0E800B477D3 /* Build configuration list for PBXProject "ShoppingMateApp" */;
			compatibilityVersion = "Xcode 14.0";
			developmentRegion = en;
			hasScannedForEncodings = 0;
			knownRegions = (
				en,
				Base,
			);
			mainGroup = AA8E881E2C1BF0E800B477D3;
			packageReferences = (
				AA8E88432C1BF31300B477D3 /* XCRemoteSwiftPackageReference "SnapKit" */,
				AA8E88462C1BF31F00B477D3 /* XCRemoteSwiftPackageReference "Alamofire" */,
				AA8E88632C1C078D00B477D3 /* XCRemoteSwiftPackageReference "Kingfisher" */,
				AA6CB5D82C1F50550089E3B7 /* XCRemoteSwiftPackageReference "Toast-Swift" */,
			);
			productRefGroup = AA8E88282C1BF0E800B477D3 /* Products */;
			projectDirPath = "";
			projectRoot = "";
			targets = (
				AA8E88262C1BF0E800B477D3 /* ShoppingMateApp */,
			);
		};
/* End PBXProject section */

/* Begin PBXResourcesBuildPhase section */
		AA8E88252C1BF0E800B477D3 /* Resources */ = {
			isa = PBXResourcesBuildPhase;
			buildActionMask = 2147483647;
			files = (
				AA8E883F2C1BF22E00B477D3 /* .gitignore in Resources */,
				AA8E88372C1BF0EA00B477D3 /* LaunchScreen.storyboard in Resources */,
				AA8E88342C1BF0EA00B477D3 /* Assets.xcassets in Resources */,
				AA8E88322C1BF0E800B477D3 /* Main.storyboard in Resources */,
			);
			runOnlyForDeploymentPostprocessing = 0;
		};
/* End PBXResourcesBuildPhase section */

/* Begin PBXSourcesBuildPhase section */
		AA8E88232C1BF0E800B477D3 /* Sources */ = {
			isa = PBXSourcesBuildPhase;
			buildActionMask = 2147483647;
			files = (
				AA8E885A2C1BF84700B477D3 /* NetworkManager.swift in Sources */,
				AA6CB5C12C1D599F0089E3B7 /* SettingViewController.swift in Sources */,
				AA5850862C256013007B92FD /* RecentSearch.swift in Sources */,
				AA8E884F2C1BF3EF00B477D3 /* HomeViewController.swift in Sources */,
				AA58508A2C265B01007B92FD /* HomeViewController+Search.swift in Sources */,
				AA6CB5C32C1D6BB10089E3B7 /* ProfileCell.swift in Sources */,
				AA5850CF2C29888C007B92FD /* Profile+Autolayout+Ext.swift in Sources */,
				AA074D412C3ADFF0001AFC77 /* BaseViewController.swift in Sources */,
				AA5850C92C297A89007B92FD /* SearchResult+Alert.swift in Sources */,
				AA5850882C258126007B92FD /* ThreeCollectionViewController.swift in Sources */,
				AA6CB5B82C1D4B720089E3B7 /* OnboardingView.swift in Sources */,
				AA6CB5CF2C1ECC770089E3B7 /* SearchResultsViewController.swift in Sources */,
				AA6CB6042C2024740089E3B7 /* Color+recap.swift in Sources */,
				AA6BD3092C3D5E0400107AF6 /* Observable.swift in Sources */,
				AA8E882F2C1BF0E800B477D3 /* ViewController.swift in Sources */,
				AA58508F2C26943A007B92FD /* ThreeCollectionCell.swift in Sources */,
				AA5850842C25511C007B92FD /* LikedToggleItem.swift in Sources */,
				AA6CB5D12C1ECCD90089E3B7 /* MainTabBarController.swift in Sources */,
				AA5850C72C2979CD007B92FD /* SettingView+Alert.swift in Sources */,
				AA6CB5BC2C1D52EF0089E3B7 /* NewProfileSelectionViewController.swift in Sources */,
				AA6CB5C52C1DBF6F0089E3B7 /* ProfileTableViewCell.swift in Sources */,
				AA8E882B2C1BF0E800B477D3 /* AppDelegate.swift in Sources */,
				AA6CB5D42C1EE7E10089E3B7 /* RecentSearchTableView.swift in Sources */,
				AA8E88412C1BF24300B477D3 /* APIKey.swift in Sources */,
				AA8E88562C1BF53D00B477D3 /* Item.swift in Sources */,
				AA5850CD2C298590007B92FD /* Profile+Nickname+Ext.swift in Sources */,
				AA6CB5C72C1DCC570089E3B7 /* LikeNotification.swift in Sources */,
				AA8E882D2C1BF0E800B477D3 /* SceneDelegate.swift in Sources */,
				AA8E88532C1BF49C00B477D3 /* HomeCollectionViewCell.swift in Sources */,
				AA6BD30C2C3D5E3500107AF6 /* ProfileSettingViewModel.swift in Sources */,
				AA6CB6072C20435B0089E3B7 /* Create+Component.swift in Sources */,
				AA6CB5BF2C1D597A0089E3B7 /* ProfileImageView.swift in Sources */,
				AA6CB60F2C20637A0089E3B7 /* SplashViewController.swift in Sources */,
				AA58508C2C265B37007B92FD /* HomeViewController+UICollectionView.swift in Sources */,
				AA8E886F2C1C237900B477D3 /* WebViewController.swift in Sources */,
				AA6CB5BA2C1D4D6C0089E3B7 /* ProfileSettingViewController.swift in Sources */,
			);
			runOnlyForDeploymentPostprocessing = 0;
		};
/* End PBXSourcesBuildPhase section */

/* Begin PBXVariantGroup section */
		AA8E88302C1BF0E800B477D3 /* Main.storyboard */ = {
			isa = PBXVariantGroup;
			children = (
				AA8E88312C1BF0E800B477D3 /* Base */,
			);
			name = Main.storyboard;
			sourceTree = "<group>";
		};
		AA8E88352C1BF0EA00B477D3 /* LaunchScreen.storyboard */ = {
			isa = PBXVariantGroup;
			children = (
				AA8E88362C1BF0EA00B477D3 /* Base */,
			);
			name = LaunchScreen.storyboard;
			sourceTree = "<group>";
		};
/* End PBXVariantGroup section */

/* Begin XCBuildConfiguration section */
		AA8E88392C1BF0EA00B477D3 /* Debug */ = {
			isa = XCBuildConfiguration;
			buildSettings = {
				ALWAYS_SEARCH_USER_PATHS = NO;
				ASSETCATALOG_COMPILER_GENERATE_SWIFT_ASSET_SYMBOL_EXTENSIONS = YES;
				CLANG_ANALYZER_NONNULL = YES;
				CLANG_ANALYZER_NUMBER_OBJECT_CONVERSION = YES_AGGRESSIVE;
				CLANG_CXX_LANGUAGE_STANDARD = "gnu++20";
				CLANG_ENABLE_MODULES = YES;
				CLANG_ENABLE_OBJC_ARC = YES;
				CLANG_ENABLE_OBJC_WEAK = YES;
				CLANG_WARN_BLOCK_CAPTURE_AUTORELEASING = YES;
				CLANG_WARN_BOOL_CONVERSION = YES;
				CLANG_WARN_COMMA = YES;
				CLANG_WARN_CONSTANT_CONVERSION = YES;
				CLANG_WARN_DEPRECATED_OBJC_IMPLEMENTATIONS = YES;
				CLANG_WARN_DIRECT_OBJC_ISA_USAGE = YES_ERROR;
				CLANG_WARN_DOCUMENTATION_COMMENTS = YES;
				CLANG_WARN_EMPTY_BODY = YES;
				CLANG_WARN_ENUM_CONVERSION = YES;
				CLANG_WARN_INFINITE_RECURSION = YES;
				CLANG_WARN_INT_CONVERSION = YES;
				CLANG_WARN_NON_LITERAL_NULL_CONVERSION = YES;
				CLANG_WARN_OBJC_IMPLICIT_RETAIN_SELF = YES;
				CLANG_WARN_OBJC_LITERAL_CONVERSION = YES;
				CLANG_WARN_OBJC_ROOT_CLASS = YES_ERROR;
				CLANG_WARN_QUOTED_INCLUDE_IN_FRAMEWORK_HEADER = YES;
				CLANG_WARN_RANGE_LOOP_ANALYSIS = YES;
				CLANG_WARN_STRICT_PROTOTYPES = YES;
				CLANG_WARN_SUSPICIOUS_MOVE = YES;
				CLANG_WARN_UNGUARDED_AVAILABILITY = YES_AGGRESSIVE;
				CLANG_WARN_UNREACHABLE_CODE = YES;
				CLANG_WARN__DUPLICATE_METHOD_MATCH = YES;
				COPY_PHASE_STRIP = NO;
				DEBUG_INFORMATION_FORMAT = dwarf;
				ENABLE_STRICT_OBJC_MSGSEND = YES;
				ENABLE_TESTABILITY = YES;
				ENABLE_USER_SCRIPT_SANDBOXING = YES;
				GCC_C_LANGUAGE_STANDARD = gnu17;
				GCC_DYNAMIC_NO_PIC = NO;
				GCC_NO_COMMON_BLOCKS = YES;
				GCC_OPTIMIZATION_LEVEL = 0;
				GCC_PREPROCESSOR_DEFINITIONS = (
					"DEBUG=1",
					"$(inherited)",
				);
				GCC_WARN_64_TO_32_BIT_CONVERSION = YES;
				GCC_WARN_ABOUT_RETURN_TYPE = YES_ERROR;
				GCC_WARN_UNDECLARED_SELECTOR = YES;
				GCC_WARN_UNINITIALIZED_AUTOS = YES_AGGRESSIVE;
				GCC_WARN_UNUSED_FUNCTION = YES;
				GCC_WARN_UNUSED_VARIABLE = YES;
				IPHONEOS_DEPLOYMENT_TARGET = 15.0;
				LOCALIZATION_PREFERS_STRING_CATALOGS = YES;
				MTL_ENABLE_DEBUG_INFO = INCLUDE_SOURCE;
				MTL_FAST_MATH = YES;
				ONLY_ACTIVE_ARCH = YES;
				SDKROOT = iphoneos;
				SWIFT_ACTIVE_COMPILATION_CONDITIONS = "DEBUG $(inherited)";
				SWIFT_OPTIMIZATION_LEVEL = "-Onone";
			};
			name = Debug;
		};
		AA8E883A2C1BF0EA00B477D3 /* Release */ = {
			isa = XCBuildConfiguration;
			buildSettings = {
				ALWAYS_SEARCH_USER_PATHS = NO;
				ASSETCATALOG_COMPILER_GENERATE_SWIFT_ASSET_SYMBOL_EXTENSIONS = YES;
				CLANG_ANALYZER_NONNULL = YES;
				CLANG_ANALYZER_NUMBER_OBJECT_CONVERSION = YES_AGGRESSIVE;
				CLANG_CXX_LANGUAGE_STANDARD = "gnu++20";
				CLANG_ENABLE_MODULES = YES;
				CLANG_ENABLE_OBJC_ARC = YES;
				CLANG_ENABLE_OBJC_WEAK = YES;
				CLANG_WARN_BLOCK_CAPTURE_AUTORELEASING = YES;
				CLANG_WARN_BOOL_CONVERSION = YES;
				CLANG_WARN_COMMA = YES;
				CLANG_WARN_CONSTANT_CONVERSION = YES;
				CLANG_WARN_DEPRECATED_OBJC_IMPLEMENTATIONS = YES;
				CLANG_WARN_DIRECT_OBJC_ISA_USAGE = YES_ERROR;
				CLANG_WARN_DOCUMENTATION_COMMENTS = YES;
				CLANG_WARN_EMPTY_BODY = YES;
				CLANG_WARN_ENUM_CONVERSION = YES;
				CLANG_WARN_INFINITE_RECURSION = YES;
				CLANG_WARN_INT_CONVERSION = YES;
				CLANG_WARN_NON_LITERAL_NULL_CONVERSION = YES;
				CLANG_WARN_OBJC_IMPLICIT_RETAIN_SELF = YES;
				CLANG_WARN_OBJC_LITERAL_CONVERSION = YES;
				CLANG_WARN_OBJC_ROOT_CLASS = YES_ERROR;
				CLANG_WARN_QUOTED_INCLUDE_IN_FRAMEWORK_HEADER = YES;
				CLANG_WARN_RANGE_LOOP_ANALYSIS = YES;
				CLANG_WARN_STRICT_PROTOTYPES = YES;
				CLANG_WARN_SUSPICIOUS_MOVE = YES;
				CLANG_WARN_UNGUARDED_AVAILABILITY = YES_AGGRESSIVE;
				CLANG_WARN_UNREACHABLE_CODE = YES;
				CLANG_WARN__DUPLICATE_METHOD_MATCH = YES;
				COPY_PHASE_STRIP = NO;
				DEBUG_INFORMATION_FORMAT = "dwarf-with-dsym";
				ENABLE_NS_ASSERTIONS = NO;
				ENABLE_STRICT_OBJC_MSGSEND = YES;
				ENABLE_USER_SCRIPT_SANDBOXING = YES;
				GCC_C_LANGUAGE_STANDARD = gnu17;
				GCC_NO_COMMON_BLOCKS = YES;
				GCC_WARN_64_TO_32_BIT_CONVERSION = YES;
				GCC_WARN_ABOUT_RETURN_TYPE = YES_ERROR;
				GCC_WARN_UNDECLARED_SELECTOR = YES;
				GCC_WARN_UNINITIALIZED_AUTOS = YES_AGGRESSIVE;
				GCC_WARN_UNUSED_FUNCTION = YES;
				GCC_WARN_UNUSED_VARIABLE = YES;
				IPHONEOS_DEPLOYMENT_TARGET = 15.0;
				LOCALIZATION_PREFERS_STRING_CATALOGS = YES;
				MTL_ENABLE_DEBUG_INFO = NO;
				MTL_FAST_MATH = YES;
				SDKROOT = iphoneos;
				SWIFT_COMPILATION_MODE = wholemodule;
				VALIDATE_PRODUCT = YES;
			};
			name = Release;
		};
		AA8E883C2C1BF0EA00B477D3 /* Debug */ = {
			isa = XCBuildConfiguration;
			buildSettings = {
				ASSETCATALOG_COMPILER_APPICON_NAME = AppIcon;
				ASSETCATALOG_COMPILER_GLOBAL_ACCENT_COLOR_NAME = AccentColor;
				CODE_SIGN_STYLE = Automatic;
				CURRENT_PROJECT_VERSION = 1;
				DEVELOPMENT_TEAM = 4KLMMMFY4D;
				GENERATE_INFOPLIST_FILE = YES;
				INFOPLIST_FILE = ShoppingMateApp/Info.plist;
				INFOPLIST_KEY_CFBundleDisplayName = "이윤지";
				INFOPLIST_KEY_LSApplicationCategoryType = "public.app-category.shopping";
				INFOPLIST_KEY_UIApplicationSupportsIndirectInputEvents = YES;
				INFOPLIST_KEY_UILaunchStoryboardName = LaunchScreen;
				INFOPLIST_KEY_UIMainStoryboardFile = Main;
				INFOPLIST_KEY_UISupportedInterfaceOrientations = UIInterfaceOrientationPortrait;
				INFOPLIST_KEY_UISupportedInterfaceOrientations_iPad = "UIInterfaceOrientationLandscapeLeft UIInterfaceOrientationLandscapeRight UIInterfaceOrientationPortrait UIInterfaceOrientationPortraitUpsideDown";
				INFOPLIST_KEY_UIUserInterfaceStyle = Light;
				IPHONEOS_DEPLOYMENT_TARGET = 15.0;
				LD_RUNPATH_SEARCH_PATHS = (
					"$(inherited)",
					"@executable_path/Frameworks",
				);
				MARKETING_VERSION = 1.0;
				PRODUCT_BUNDLE_IDENTIFIER = com.acasia.ShoppingMateApp;
				PRODUCT_NAME = "$(TARGET_NAME)";
				SUPPORTED_PLATFORMS = "iphoneos iphonesimulator";
				SUPPORTS_MACCATALYST = NO;
				SUPPORTS_MAC_DESIGNED_FOR_IPHONE_IPAD = NO;
				SUPPORTS_XR_DESIGNED_FOR_IPHONE_IPAD = NO;
				SWIFT_EMIT_LOC_STRINGS = YES;
				SWIFT_VERSION = 5.0;
				TARGETED_DEVICE_FAMILY = 1;
			};
			name = Debug;
		};
		AA8E883D2C1BF0EA00B477D3 /* Release */ = {
			isa = XCBuildConfiguration;
			buildSettings = {
				ASSETCATALOG_COMPILER_APPICON_NAME = AppIcon;
				ASSETCATALOG_COMPILER_GLOBAL_ACCENT_COLOR_NAME = AccentColor;
				CODE_SIGN_STYLE = Automatic;
				CURRENT_PROJECT_VERSION = 1;
				DEVELOPMENT_TEAM = 4KLMMMFY4D;
				GENERATE_INFOPLIST_FILE = YES;
				INFOPLIST_FILE = ShoppingMateApp/Info.plist;
				INFOPLIST_KEY_CFBundleDisplayName = "이윤지";
				INFOPLIST_KEY_LSApplicationCategoryType = "public.app-category.shopping";
				INFOPLIST_KEY_UIApplicationSupportsIndirectInputEvents = YES;
				INFOPLIST_KEY_UILaunchStoryboardName = LaunchScreen;
				INFOPLIST_KEY_UIMainStoryboardFile = Main;
				INFOPLIST_KEY_UISupportedInterfaceOrientations = UIInterfaceOrientationPortrait;
				INFOPLIST_KEY_UISupportedInterfaceOrientations_iPad = "UIInterfaceOrientationLandscapeLeft UIInterfaceOrientationLandscapeRight UIInterfaceOrientationPortrait UIInterfaceOrientationPortraitUpsideDown";
				INFOPLIST_KEY_UIUserInterfaceStyle = Light;
				IPHONEOS_DEPLOYMENT_TARGET = 15.0;
				LD_RUNPATH_SEARCH_PATHS = (
					"$(inherited)",
					"@executable_path/Frameworks",
				);
				MARKETING_VERSION = 1.0;
				PRODUCT_BUNDLE_IDENTIFIER = com.acasia.ShoppingMateApp;
				PRODUCT_NAME = "$(TARGET_NAME)";
				SUPPORTED_PLATFORMS = "iphoneos iphonesimulator";
				SUPPORTS_MACCATALYST = NO;
				SUPPORTS_MAC_DESIGNED_FOR_IPHONE_IPAD = NO;
				SUPPORTS_XR_DESIGNED_FOR_IPHONE_IPAD = NO;
				SWIFT_EMIT_LOC_STRINGS = YES;
				SWIFT_VERSION = 5.0;
				TARGETED_DEVICE_FAMILY = 1;
			};
			name = Release;
		};
/* End XCBuildConfiguration section */

/* Begin XCConfigurationList section */
		AA8E88222C1BF0E800B477D3 /* Build configuration list for PBXProject "ShoppingMateApp" */ = {
			isa = XCConfigurationList;
			buildConfigurations = (
				AA8E88392C1BF0EA00B477D3 /* Debug */,
				AA8E883A2C1BF0EA00B477D3 /* Release */,
			);
			defaultConfigurationIsVisible = 0;
			defaultConfigurationName = Release;
		};
		AA8E883B2C1BF0EA00B477D3 /* Build configuration list for PBXNativeTarget "ShoppingMateApp" */ = {
			isa = XCConfigurationList;
			buildConfigurations = (
				AA8E883C2C1BF0EA00B477D3 /* Debug */,
				AA8E883D2C1BF0EA00B477D3 /* Release */,
			);
			defaultConfigurationIsVisible = 0;
			defaultConfigurationName = Release;
		};
/* End XCConfigurationList section */

/* Begin XCRemoteSwiftPackageReference section */
		AA6CB5D82C1F50550089E3B7 /* XCRemoteSwiftPackageReference "Toast-Swift" */ = {
			isa = XCRemoteSwiftPackageReference;
			repositoryURL = "https://github.com/scalessec/Toast-Swift.git";
			requirement = {
				kind = upToNextMajorVersion;
				minimumVersion = 5.1.1;
			};
		};
		AA8E88432C1BF31300B477D3 /* XCRemoteSwiftPackageReference "SnapKit" */ = {
			isa = XCRemoteSwiftPackageReference;
			repositoryURL = "https://github.com/SnapKit/SnapKit.git";
			requirement = {
				kind = upToNextMajorVersion;
				minimumVersion = 5.7.1;
			};
		};
		AA8E88462C1BF31F00B477D3 /* XCRemoteSwiftPackageReference "Alamofire" */ = {
			isa = XCRemoteSwiftPackageReference;
			repositoryURL = "https://github.com/Alamofire/Alamofire.git";
			requirement = {
				kind = upToNextMajorVersion;
				minimumVersion = 5.9.1;
			};
		};
		AA8E88632C1C078D00B477D3 /* XCRemoteSwiftPackageReference "Kingfisher" */ = {
			isa = XCRemoteSwiftPackageReference;
			repositoryURL = "https://github.com/onevcat/Kingfisher.git";
			requirement = {
				kind = upToNextMajorVersion;
				minimumVersion = 7.12.0;
			};
		};
/* End XCRemoteSwiftPackageReference section */

/* Begin XCSwiftPackageProductDependency section */
		AA6CB5D92C1F50550089E3B7 /* Toast */ = {
			isa = XCSwiftPackageProductDependency;
			package = AA6CB5D82C1F50550089E3B7 /* XCRemoteSwiftPackageReference "Toast-Swift" */;
			productName = Toast;
		};
		AA8E88442C1BF31300B477D3 /* SnapKit */ = {
			isa = XCSwiftPackageProductDependency;
			package = AA8E88432C1BF31300B477D3 /* XCRemoteSwiftPackageReference "SnapKit" */;
			productName = SnapKit;
		};
		AA8E88472C1BF31F00B477D3 /* Alamofire */ = {
			isa = XCSwiftPackageProductDependency;
			package = AA8E88462C1BF31F00B477D3 /* XCRemoteSwiftPackageReference "Alamofire" */;
			productName = Alamofire;
		};
		AA8E88642C1C078D00B477D3 /* Kingfisher */ = {
			isa = XCSwiftPackageProductDependency;
			package = AA8E88632C1C078D00B477D3 /* XCRemoteSwiftPackageReference "Kingfisher" */;
			productName = Kingfisher;
		};
/* End XCSwiftPackageProductDependency section */
	};
	rootObject = AA8E881F2C1BF0E800B477D3 /* Project object */;
}
