// !$*UTF8*$!
{
	archiveVersion = 1;
	classes = {
	};
	objectVersion = 56;
	objects = {

/* Begin PBXBuildFile section */
		AA8E882B2C1BF0E800B477D3 /* AppDelegate.swift in Sources */ = {isa = PBXBuildFile; fileRef = AA8E882A2C1BF0E800B477D3 /* AppDelegate.swift */; };
		AA8E882D2C1BF0E800B477D3 /* SceneDelegate.swift in Sources */ = {isa = PBXBuildFile; fileRef = AA8E882C2C1BF0E800B477D3 /* SceneDelegate.swift */; };
		AA8E882F2C1BF0E800B477D3 /* ViewController.swift in Sources */ = {isa = PBXBuildFile; fileRef = AA8E882E2C1BF0E800B477D3 /* ViewController.swift */; };
		AA8E88322C1BF0E800B477D3 /* Main.storyboard in Resources */ = {isa = PBXBuildFile; fileRef = AA8E88302C1BF0E800B477D3 /* Main.storyboard */; };
		AA8E88342C1BF0EA00B477D3 /* Assets.xcassets in Resources */ = {isa = PBXBuildFile; fileRef = AA8E88332C1BF0EA00B477D3 /* Assets.xcassets */; };
		AA8E88372C1BF0EA00B477D3 /* LaunchScreen.storyboard in Resources */ = {isa = PBXBuildFile; fileRef = AA8E88352C1BF0EA00B477D3 /* LaunchScreen.storyboard */; };
		AA8E883F2C1BF22E00B477D3 /* .gitignore in Resources */ = {isa = PBXBuildFile; fileRef = AA8E883E2C1BF22E00B477D3 /* .gitignore */; };
		AA8E88412C1BF24300B477D3 /* APIKey.swift in Sources */ = {isa = PBXBuildFile; fileRef = AA8E88402C1BF24300B477D3 /* APIKey.swift */; };
		AA8E88452C1BF31300B477D3 /* SnapKit in Frameworks */ = {isa = PBXBuildFile; productRef = AA8E88442C1BF31300B477D3 /* SnapKit */; };
		AA8E88482C1BF31F00B477D3 /* Alamofire in Frameworks */ = {isa = PBXBuildFile; productRef = AA8E88472C1BF31F00B477D3 /* Alamofire */; };
		AA8E884B2C1BF34000B477D3 /* RealmSwift in Frameworks */ = {isa = PBXBuildFile; productRef = AA8E884A2C1BF34000B477D3 /* RealmSwift */; };
		AA8E884F2C1BF3EF00B477D3 /* HomeViewController.swift in Sources */ = {isa = PBXBuildFile; fileRef = AA8E884E2C1BF3EF00B477D3 /* HomeViewController.swift */; };
		AA8E88532C1BF49C00B477D3 /* HomeCollectionViewCell.swift in Sources */ = {isa = PBXBuildFile; fileRef = AA8E88522C1BF49C00B477D3 /* HomeCollectionViewCell.swift */; };
		AA8E88562C1BF53D00B477D3 /* Item.swift in Sources */ = {isa = PBXBuildFile; fileRef = AA8E88552C1BF53D00B477D3 /* Item.swift */; };
		AA8E88582C1BF57500B477D3 /* RealmDateManager.swift in Sources */ = {isa = PBXBuildFile; fileRef = AA8E88572C1BF57500B477D3 /* RealmDateManager.swift */; };
		AA8E885A2C1BF84700B477D3 /* NetworkManager.swift in Sources */ = {isa = PBXBuildFile; fileRef = AA8E88592C1BF84700B477D3 /* NetworkManager.swift */; };
		AA8E885D2C1BFA0B00B477D3 /* MainSearchView.swift in Sources */ = {isa = PBXBuildFile; fileRef = AA8E885C2C1BFA0B00B477D3 /* MainSearchView.swift */; };
		AA8E88622C1C01FB00B477D3 /* Resuse.swift in Sources */ = {isa = PBXBuildFile; fileRef = AA8E88612C1C01FB00B477D3 /* Resuse.swift */; };
		AA8E88652C1C078D00B477D3 /* Kingfisher in Frameworks */ = {isa = PBXBuildFile; productRef = AA8E88642C1C078D00B477D3 /* Kingfisher */; };
		AA8E886B2C1C08CF00B477D3 /* Create+Component.swift in Sources */ = {isa = PBXBuildFile; fileRef = AA8E886A2C1C08CF00B477D3 /* Create+Component.swift */; };
		AA8E886D2C1C203700B477D3 /* favoriteTable.swift in Sources */ = {isa = PBXBuildFile; fileRef = AA8E886C2C1C203700B477D3 /* favoriteTable.swift */; };
		AA8E886F2C1C237900B477D3 /* WebViewController.swift in Sources */ = {isa = PBXBuildFile; fileRef = AA8E886E2C1C237900B477D3 /* WebViewController.swift */; };
		AA8E88712C1C27D800B477D3 /* LikeViewController.swift in Sources */ = {isa = PBXBuildFile; fileRef = AA8E88702C1C27D800B477D3 /* LikeViewController.swift */; };
		AA8E88732C1C29B900B477D3 /* LikeCollectionViewCell.swift in Sources */ = {isa = PBXBuildFile; fileRef = AA8E88722C1C29B900B477D3 /* LikeCollectionViewCell.swift */; };
/* End PBXBuildFile section */

/* Begin PBXFileReference section */
		AA8E88272C1BF0E800B477D3 /* ShoppingMateApp.app */ = {isa = PBXFileReference; explicitFileType = wrapper.application; includeInIndex = 0; path = ShoppingMateApp.app; sourceTree = BUILT_PRODUCTS_DIR; };
		AA8E882A2C1BF0E800B477D3 /* AppDelegate.swift */ = {isa = PBXFileReference; lastKnownFileType = sourcecode.swift; path = AppDelegate.swift; sourceTree = "<group>"; };
		AA8E882C2C1BF0E800B477D3 /* SceneDelegate.swift */ = {isa = PBXFileReference; lastKnownFileType = sourcecode.swift; path = SceneDelegate.swift; sourceTree = "<group>"; };
		AA8E882E2C1BF0E800B477D3 /* ViewController.swift */ = {isa = PBXFileReference; lastKnownFileType = sourcecode.swift; path = ViewController.swift; sourceTree = "<group>"; };
		AA8E88312C1BF0E800B477D3 /* Base */ = {isa = PBXFileReference; lastKnownFileType = file.storyboard; name = Base; path = Base.lproj/Main.storyboard; sourceTree = "<group>"; };
		AA8E88332C1BF0EA00B477D3 /* Assets.xcassets */ = {isa = PBXFileReference; lastKnownFileType = folder.assetcatalog; path = Assets.xcassets; sourceTree = "<group>"; };
		AA8E88362C1BF0EA00B477D3 /* Base */ = {isa = PBXFileReference; lastKnownFileType = file.storyboard; name = Base; path = Base.lproj/LaunchScreen.storyboard; sourceTree = "<group>"; };
		AA8E88382C1BF0EA00B477D3 /* Info.plist */ = {isa = PBXFileReference; lastKnownFileType = text.plist.xml; path = Info.plist; sourceTree = "<group>"; };
		AA8E883E2C1BF22E00B477D3 /* .gitignore */ = {isa = PBXFileReference; fileEncoding = 4; lastKnownFileType = text; path = .gitignore; sourceTree = "<group>"; };
		AA8E88402C1BF24300B477D3 /* APIKey.swift */ = {isa = PBXFileReference; lastKnownFileType = sourcecode.swift; path = APIKey.swift; sourceTree = "<group>"; };
		AA8E884E2C1BF3EF00B477D3 /* HomeViewController.swift */ = {isa = PBXFileReference; lastKnownFileType = sourcecode.swift; path = HomeViewController.swift; sourceTree = "<group>"; };
		AA8E88522C1BF49C00B477D3 /* HomeCollectionViewCell.swift */ = {isa = PBXFileReference; lastKnownFileType = sourcecode.swift; path = HomeCollectionViewCell.swift; sourceTree = "<group>"; };
		AA8E88552C1BF53D00B477D3 /* Item.swift */ = {isa = PBXFileReference; lastKnownFileType = sourcecode.swift; path = Item.swift; sourceTree = "<group>"; };
		AA8E88572C1BF57500B477D3 /* RealmDateManager.swift */ = {isa = PBXFileReference; lastKnownFileType = sourcecode.swift; path = RealmDateManager.swift; sourceTree = "<group>"; };
		AA8E88592C1BF84700B477D3 /* NetworkManager.swift */ = {isa = PBXFileReference; lastKnownFileType = sourcecode.swift; path = NetworkManager.swift; sourceTree = "<group>"; };
		AA8E885C2C1BFA0B00B477D3 /* MainSearchView.swift */ = {isa = PBXFileReference; lastKnownFileType = sourcecode.swift; path = MainSearchView.swift; sourceTree = "<group>"; };
		AA8E88612C1C01FB00B477D3 /* Resuse.swift */ = {isa = PBXFileReference; lastKnownFileType = sourcecode.swift; path = Resuse.swift; sourceTree = "<group>"; };
		AA8E886A2C1C08CF00B477D3 /* Create+Component.swift */ = {isa = PBXFileReference; lastKnownFileType = sourcecode.swift; path = "Create+Component.swift"; sourceTree = "<group>"; };
		AA8E886C2C1C203700B477D3 /* favoriteTable.swift */ = {isa = PBXFileReference; lastKnownFileType = sourcecode.swift; path = favoriteTable.swift; sourceTree = "<group>"; };
		AA8E886E2C1C237900B477D3 /* WebViewController.swift */ = {isa = PBXFileReference; lastKnownFileType = sourcecode.swift; path = WebViewController.swift; sourceTree = "<group>"; };
		AA8E88702C1C27D800B477D3 /* LikeViewController.swift */ = {isa = PBXFileReference; lastKnownFileType = sourcecode.swift; path = LikeViewController.swift; sourceTree = "<group>"; };
		AA8E88722C1C29B900B477D3 /* LikeCollectionViewCell.swift */ = {isa = PBXFileReference; lastKnownFileType = sourcecode.swift; path = LikeCollectionViewCell.swift; sourceTree = "<group>"; };
/* End PBXFileReference section */

/* Begin PBXFrameworksBuildPhase section */
		AA8E88242C1BF0E800B477D3 /* Frameworks */ = {
			isa = PBXFrameworksBuildPhase;
			buildActionMask = 2147483647;
			files = (
				AA8E88652C1C078D00B477D3 /* Kingfisher in Frameworks */,
				AA8E884B2C1BF34000B477D3 /* RealmSwift in Frameworks */,
				AA8E88452C1BF31300B477D3 /* SnapKit in Frameworks */,
				AA8E88482C1BF31F00B477D3 /* Alamofire in Frameworks */,
			);
			runOnlyForDeploymentPostprocessing = 0;
		};
/* End PBXFrameworksBuildPhase section */

/* Begin PBXGroup section */
		AA8E881E2C1BF0E800B477D3 = {
			isa = PBXGroup;
			children = (
				AA8E883E2C1BF22E00B477D3 /* .gitignore */,
				AA8E88292C1BF0E800B477D3 /* ShoppingMateApp */,
				AA8E88282C1BF0E800B477D3 /* Products */,
			);
			sourceTree = "<group>";
		};
		AA8E88282C1BF0E800B477D3 /* Products */ = {
			isa = PBXGroup;
			children = (
				AA8E88272C1BF0E800B477D3 /* ShoppingMateApp.app */,
			);
			name = Products;
			sourceTree = "<group>";
		};
		AA8E88292C1BF0E800B477D3 /* ShoppingMateApp */ = {
			isa = PBXGroup;
			children = (
				AA8E88402C1BF24300B477D3 /* APIKey.swift */,
				AA8E88572C1BF57500B477D3 /* RealmDateManager.swift */,
				AA8E886C2C1C203700B477D3 /* favoriteTable.swift */,
				AA8E88592C1BF84700B477D3 /* NetworkManager.swift */,
				AA8E88552C1BF53D00B477D3 /* Item.swift */,
				AA8E88612C1C01FB00B477D3 /* Resuse.swift */,
				AA8E884E2C1BF3EF00B477D3 /* HomeViewController.swift */,
				AA8E886A2C1C08CF00B477D3 /* Create+Component.swift */,
				AA8E88522C1BF49C00B477D3 /* HomeCollectionViewCell.swift */,
				AA8E88702C1C27D800B477D3 /* LikeViewController.swift */,
				AA8E88722C1C29B900B477D3 /* LikeCollectionViewCell.swift */,
				AA8E886E2C1C237900B477D3 /* WebViewController.swift */,
				AA8E88422C1BF2F600B477D3 /* 네이버쇼핑 */,
				AA8E882A2C1BF0E800B477D3 /* AppDelegate.swift */,
				AA8E882C2C1BF0E800B477D3 /* SceneDelegate.swift */,
				AA8E882E2C1BF0E800B477D3 /* ViewController.swift */,
				AA8E88302C1BF0E800B477D3 /* Main.storyboard */,
				AA8E88332C1BF0EA00B477D3 /* Assets.xcassets */,
				AA8E88352C1BF0EA00B477D3 /* LaunchScreen.storyboard */,
				AA8E88382C1BF0EA00B477D3 /* Info.plist */,
			);
			path = ShoppingMateApp;
			sourceTree = "<group>";
		};
		AA8E88422C1BF2F600B477D3 /* 네이버쇼핑 */ = {
			isa = PBXGroup;
			children = (
				AA8E885E2C1BFC2700B477D3 /* 확장 */,
				AA8E885B2C1BFA0300B477D3 /* 뷰 */,
				AA8E88542C1BF52D00B477D3 /* 모델 */,
			);
			name = "네이버쇼핑";
			path = "네이버쇼핑";
			sourceTree = "<group>";
		};
		AA8E88542C1BF52D00B477D3 /* 모델 */ = {
			isa = PBXGroup;
			children = (
			);
			name = "모델";
			path = "모델";
			sourceTree = "<group>";
		};
		AA8E885B2C1BFA0300B477D3 /* 뷰 */ = {
			isa = PBXGroup;
			children = (
				AA8E885C2C1BFA0B00B477D3 /* MainSearchView.swift */,
			);
			name = "뷰";
			path = "뷰";
			sourceTree = "<group>";
		};
		AA8E885E2C1BFC2700B477D3 /* 확장 */ = {
			isa = PBXGroup;
			children = (
			);
			name = "확장";
			path = "확장";
			sourceTree = "<group>";
		};
/* End PBXGroup section */

/* Begin PBXNativeTarget section */
		AA8E88262C1BF0E800B477D3 /* ShoppingMateApp */ = {
			isa = PBXNativeTarget;
			buildConfigurationList = AA8E883B2C1BF0EA00B477D3 /* Build configuration list for PBXNativeTarget "ShoppingMateApp" */;
			buildPhases = (
				AA8E88232C1BF0E800B477D3 /* Sources */,
				AA8E88242C1BF0E800B477D3 /* Frameworks */,
				AA8E88252C1BF0E800B477D3 /* Resources */,
			);
			buildRules = (
			);
			dependencies = (
			);
			name = ShoppingMateApp;
			packageProductDependencies = (
				AA8E88442C1BF31300B477D3 /* SnapKit */,
				AA8E88472C1BF31F00B477D3 /* Alamofire */,
				AA8E884A2C1BF34000B477D3 /* RealmSwift */,
				AA8E88642C1C078D00B477D3 /* Kingfisher */,
			);
			productName = ShoppingMateApp;
			productReference = AA8E88272C1BF0E800B477D3 /* ShoppingMateApp.app */;
			productType = "com.apple.product-type.application";
		};
/* End PBXNativeTarget section */

/* Begin PBXProject section */
		AA8E881F2C1BF0E800B477D3 /* Project object */ = {
			isa = PBXProject;
			attributes = {
				BuildIndependentTargetsInParallel = 1;
				LastSwiftUpdateCheck = 1500;
				LastUpgradeCheck = 1500;
				TargetAttributes = {
					AA8E88262C1BF0E800B477D3 = {
						CreatedOnToolsVersion = 15.0;
					};
				};
			};
			buildConfigurationList = AA8E88222C1BF0E800B477D3 /* Build configuration list for PBXProject "ShoppingMateApp" */;
			compatibilityVersion = "Xcode 14.0";
			developmentRegion = en;
			hasScannedForEncodings = 0;
			knownRegions = (
				en,
				Base,
			);
			mainGroup = AA8E881E2C1BF0E800B477D3;
			packageReferences = (
				AA8E88432C1BF31300B477D3 /* XCRemoteSwiftPackageReference "SnapKit" */,
				AA8E88462C1BF31F00B477D3 /* XCRemoteSwiftPackageReference "Alamofire" */,
				AA8E88492C1BF34000B477D3 /* XCRemoteSwiftPackageReference "realm-swift" */,
				AA8E88632C1C078D00B477D3 /* XCRemoteSwiftPackageReference "Kingfisher" */,
			);
			productRefGroup = AA8E88282C1BF0E800B477D3 /* Products */;
			projectDirPath = "";
			projectRoot = "";
			targets = (
				AA8E88262C1BF0E800B477D3 /* ShoppingMateApp */,
			);
		};
/* End PBXProject section */

/* Begin PBXResourcesBuildPhase section */
		AA8E88252C1BF0E800B477D3 /* Resources */ = {
			isa = PBXResourcesBuildPhase;
			buildActionMask = 2147483647;
			files = (
				AA8E883F2C1BF22E00B477D3 /* .gitignore in Resources */,
				AA8E88372C1BF0EA00B477D3 /* LaunchScreen.storyboard in Resources */,
				AA8E88342C1BF0EA00B477D3 /* Assets.xcassets in Resources */,
				AA8E88322C1BF0E800B477D3 /* Main.storyboard in Resources */,
			);
			runOnlyForDeploymentPostprocessing = 0;
		};
/* End PBXResourcesBuildPhase section */

/* Begin PBXSourcesBuildPhase section */
		AA8E88232C1BF0E800B477D3 /* Sources */ = {
			isa = PBXSourcesBuildPhase;
			buildActionMask = 2147483647;
			files = (
				AA8E885A2C1BF84700B477D3 /* NetworkManager.swift in Sources */,
				AA8E884F2C1BF3EF00B477D3 /* HomeViewController.swift in Sources */,
				AA8E886D2C1C203700B477D3 /* favoriteTable.swift in Sources */,
				AA8E88732C1C29B900B477D3 /* LikeCollectionViewCell.swift in Sources */,
				AA8E882F2C1BF0E800B477D3 /* ViewController.swift in Sources */,
				AA8E882B2C1BF0E800B477D3 /* AppDelegate.swift in Sources */,
				AA8E88412C1BF24300B477D3 /* APIKey.swift in Sources */,
				AA8E88562C1BF53D00B477D3 /* Item.swift in Sources */,
				AA8E882D2C1BF0E800B477D3 /* SceneDelegate.swift in Sources */,
				AA8E88532C1BF49C00B477D3 /* HomeCollectionViewCell.swift in Sources */,
				AA8E88582C1BF57500B477D3 /* RealmDateManager.swift in Sources */,
				AA8E88622C1C01FB00B477D3 /* Resuse.swift in Sources */,
				AA8E886F2C1C237900B477D3 /* WebViewController.swift in Sources */,
				AA8E885D2C1BFA0B00B477D3 /* MainSearchView.swift in Sources */,
				AA8E886B2C1C08CF00B477D3 /* Create+Component.swift in Sources */,
				AA8E88712C1C27D800B477D3 /* LikeViewController.swift in Sources */,
			);
			runOnlyForDeploymentPostprocessing = 0;
		};
/* End PBXSourcesBuildPhase section */

/* Begin PBXVariantGroup section */
		AA8E88302C1BF0E800B477D3 /* Main.storyboard */ = {
			isa = PBXVariantGroup;
			children = (
				AA8E88312C1BF0E800B477D3 /* Base */,
			);
			name = Main.storyboard;
			sourceTree = "<group>";
		};
		AA8E88352C1BF0EA00B477D3 /* LaunchScreen.storyboard */ = {
			isa = PBXVariantGroup;
			children = (
				AA8E88362C1BF0EA00B477D3 /* Base */,
			);
			name = LaunchScreen.storyboard;
			sourceTree = "<group>";
		};
/* End PBXVariantGroup section */

/* Begin XCBuildConfiguration section */
		AA8E88392C1BF0EA00B477D3 /* Debug */ = {
			isa = XCBuildConfiguration;
			buildSettings = {
				ALWAYS_SEARCH_USER_PATHS = NO;
				ASSETCATALOG_COMPILER_GENERATE_SWIFT_ASSET_SYMBOL_EXTENSIONS = YES;
				CLANG_ANALYZER_NONNULL = YES;
				CLANG_ANALYZER_NUMBER_OBJECT_CONVERSION = YES_AGGRESSIVE;
				CLANG_CXX_LANGUAGE_STANDARD = "gnu++20";
				CLANG_ENABLE_MODULES = YES;
				CLANG_ENABLE_OBJC_ARC = YES;
				CLANG_ENABLE_OBJC_WEAK = YES;
				CLANG_WARN_BLOCK_CAPTURE_AUTORELEASING = YES;
				CLANG_WARN_BOOL_CONVERSION = YES;
				CLANG_WARN_COMMA = YES;
				CLANG_WARN_CONSTANT_CONVERSION = YES;
				CLANG_WARN_DEPRECATED_OBJC_IMPLEMENTATIONS = YES;
				CLANG_WARN_DIRECT_OBJC_ISA_USAGE = YES_ERROR;
				CLANG_WARN_DOCUMENTATION_COMMENTS = YES;
				CLANG_WARN_EMPTY_BODY = YES;
				CLANG_WARN_ENUM_CONVERSION = YES;
				CLANG_WARN_INFINITE_RECURSION = YES;
				CLANG_WARN_INT_CONVERSION = YES;
				CLANG_WARN_NON_LITERAL_NULL_CONVERSION = YES;
				CLANG_WARN_OBJC_IMPLICIT_RETAIN_SELF = YES;
				CLANG_WARN_OBJC_LITERAL_CONVERSION = YES;
				CLANG_WARN_OBJC_ROOT_CLASS = YES_ERROR;
				CLANG_WARN_QUOTED_INCLUDE_IN_FRAMEWORK_HEADER = YES;
				CLANG_WARN_RANGE_LOOP_ANALYSIS = YES;
				CLANG_WARN_STRICT_PROTOTYPES = YES;
				CLANG_WARN_SUSPICIOUS_MOVE = YES;
				CLANG_WARN_UNGUARDED_AVAILABILITY = YES_AGGRESSIVE;
				CLANG_WARN_UNREACHABLE_CODE = YES;
				CLANG_WARN__DUPLICATE_METHOD_MATCH = YES;
				COPY_PHASE_STRIP = NO;
				DEBUG_INFORMATION_FORMAT = dwarf;
				ENABLE_STRICT_OBJC_MSGSEND = YES;
				ENABLE_TESTABILITY = YES;
				ENABLE_USER_SCRIPT_SANDBOXING = YES;
				GCC_C_LANGUAGE_STANDARD = gnu17;
				GCC_DYNAMIC_NO_PIC = NO;
				GCC_NO_COMMON_BLOCKS = YES;
				GCC_OPTIMIZATION_LEVEL = 0;
				GCC_PREPROCESSOR_DEFINITIONS = (
					"DEBUG=1",
					"$(inherited)",
				);
				GCC_WARN_64_TO_32_BIT_CONVERSION = YES;
				GCC_WARN_ABOUT_RETURN_TYPE = YES_ERROR;
				GCC_WARN_UNDECLARED_SELECTOR = YES;
				GCC_WARN_UNINITIALIZED_AUTOS = YES_AGGRESSIVE;
				GCC_WARN_UNUSED_FUNCTION = YES;
				GCC_WARN_UNUSED_VARIABLE = YES;
				IPHONEOS_DEPLOYMENT_TARGET = 17.0;
				LOCALIZATION_PREFERS_STRING_CATALOGS = YES;
				MTL_ENABLE_DEBUG_INFO = INCLUDE_SOURCE;
				MTL_FAST_MATH = YES;
				ONLY_ACTIVE_ARCH = YES;
				SDKROOT = iphoneos;
				SWIFT_ACTIVE_COMPILATION_CONDITIONS = "DEBUG $(inherited)";
				SWIFT_OPTIMIZATION_LEVEL = "-Onone";
			};
			name = Debug;
		};
		AA8E883A2C1BF0EA00B477D3 /* Release */ = {
			isa = XCBuildConfiguration;
			buildSettings = {
				ALWAYS_SEARCH_USER_PATHS = NO;
				ASSETCATALOG_COMPILER_GENERATE_SWIFT_ASSET_SYMBOL_EXTENSIONS = YES;
				CLANG_ANALYZER_NONNULL = YES;
				CLANG_ANALYZER_NUMBER_OBJECT_CONVERSION = YES_AGGRESSIVE;
				CLANG_CXX_LANGUAGE_STANDARD = "gnu++20";
				CLANG_ENABLE_MODULES = YES;
				CLANG_ENABLE_OBJC_ARC = YES;
				CLANG_ENABLE_OBJC_WEAK = YES;
				CLANG_WARN_BLOCK_CAPTURE_AUTORELEASING = YES;
				CLANG_WARN_BOOL_CONVERSION = YES;
				CLANG_WARN_COMMA = YES;
				CLANG_WARN_CONSTANT_CONVERSION = YES;
				CLANG_WARN_DEPRECATED_OBJC_IMPLEMENTATIONS = YES;
				CLANG_WARN_DIRECT_OBJC_ISA_USAGE = YES_ERROR;
				CLANG_WARN_DOCUMENTATION_COMMENTS = YES;
				CLANG_WARN_EMPTY_BODY = YES;
				CLANG_WARN_ENUM_CONVERSION = YES;
				CLANG_WARN_INFINITE_RECURSION = YES;
				CLANG_WARN_INT_CONVERSION = YES;
				CLANG_WARN_NON_LITERAL_NULL_CONVERSION = YES;
				CLANG_WARN_OBJC_IMPLICIT_RETAIN_SELF = YES;
				CLANG_WARN_OBJC_LITERAL_CONVERSION = YES;
				CLANG_WARN_OBJC_ROOT_CLASS = YES_ERROR;
				CLANG_WARN_QUOTED_INCLUDE_IN_FRAMEWORK_HEADER = YES;
				CLANG_WARN_RANGE_LOOP_ANALYSIS = YES;
				CLANG_WARN_STRICT_PROTOTYPES = YES;
				CLANG_WARN_SUSPICIOUS_MOVE = YES;
				CLANG_WARN_UNGUARDED_AVAILABILITY = YES_AGGRESSIVE;
				CLANG_WARN_UNREACHABLE_CODE = YES;
				CLANG_WARN__DUPLICATE_METHOD_MATCH = YES;
				COPY_PHASE_STRIP = NO;
				DEBUG_INFORMATION_FORMAT = "dwarf-with-dsym";
				ENABLE_NS_ASSERTIONS = NO;
				ENABLE_STRICT_OBJC_MSGSEND = YES;
				ENABLE_USER_SCRIPT_SANDBOXING = YES;
				GCC_C_LANGUAGE_STANDARD = gnu17;
				GCC_NO_COMMON_BLOCKS = YES;
				GCC_WARN_64_TO_32_BIT_CONVERSION = YES;
				GCC_WARN_ABOUT_RETURN_TYPE = YES_ERROR;
				GCC_WARN_UNDECLARED_SELECTOR = YES;
				GCC_WARN_UNINITIALIZED_AUTOS = YES_AGGRESSIVE;
				GCC_WARN_UNUSED_FUNCTION = YES;
				GCC_WARN_UNUSED_VARIABLE = YES;
				IPHONEOS_DEPLOYMENT_TARGET = 17.0;
				LOCALIZATION_PREFERS_STRING_CATALOGS = YES;
				MTL_ENABLE_DEBUG_INFO = NO;
				MTL_FAST_MATH = YES;
				SDKROOT = iphoneos;
				SWIFT_COMPILATION_MODE = wholemodule;
				VALIDATE_PRODUCT = YES;
			};
			name = Release;
		};
		AA8E883C2C1BF0EA00B477D3 /* Debug */ = {
			isa = XCBuildConfiguration;
			buildSettings = {
				ASSETCATALOG_COMPILER_APPICON_NAME = AppIcon;
				ASSETCATALOG_COMPILER_GLOBAL_ACCENT_COLOR_NAME = AccentColor;
				CODE_SIGN_STYLE = Automatic;
				CURRENT_PROJECT_VERSION = 1;
				DEVELOPMENT_TEAM = 4KLMMMFY4D;
				GENERATE_INFOPLIST_FILE = YES;
				INFOPLIST_FILE = ShoppingMateApp/Info.plist;
				INFOPLIST_KEY_CFBundleDisplayName = "이윤지";
				INFOPLIST_KEY_UIApplicationSupportsIndirectInputEvents = YES;
				INFOPLIST_KEY_UILaunchStoryboardName = LaunchScreen;
				INFOPLIST_KEY_UIMainStoryboardFile = Main;
				INFOPLIST_KEY_UISupportedInterfaceOrientations = UIInterfaceOrientationPortrait;
				INFOPLIST_KEY_UISupportedInterfaceOrientations_iPad = "UIInterfaceOrientationLandscapeLeft UIInterfaceOrientationLandscapeRight UIInterfaceOrientationPortrait UIInterfaceOrientationPortraitUpsideDown";
				IPHONEOS_DEPLOYMENT_TARGET = 15.0;
				LD_RUNPATH_SEARCH_PATHS = (
					"$(inherited)",
					"@executable_path/Frameworks",
				);
				MARKETING_VERSION = 1.0;
				PRODUCT_BUNDLE_IDENTIFIER = com.acasia.ShoppingMateApp;
				PRODUCT_NAME = "$(TARGET_NAME)";
				SUPPORTED_PLATFORMS = "iphoneos iphonesimulator";
				SUPPORTS_MACCATALYST = NO;
				SUPPORTS_MAC_DESIGNED_FOR_IPHONE_IPAD = NO;
				SWIFT_EMIT_LOC_STRINGS = YES;
				SWIFT_VERSION = 5.0;
				TARGETED_DEVICE_FAMILY = 1;
			};
			name = Debug;
		};
		AA8E883D2C1BF0EA00B477D3 /* Release */ = {
			isa = XCBuildConfiguration;
			buildSettings = {
				ASSETCATALOG_COMPILER_APPICON_NAME = AppIcon;
				ASSETCATALOG_COMPILER_GLOBAL_ACCENT_COLOR_NAME = AccentColor;
				CODE_SIGN_STYLE = Automatic;
				CURRENT_PROJECT_VERSION = 1;
				DEVELOPMENT_TEAM = 4KLMMMFY4D;
				GENERATE_INFOPLIST_FILE = YES;
				INFOPLIST_FILE = ShoppingMateApp/Info.plist;
				INFOPLIST_KEY_CFBundleDisplayName = "이윤지";
				INFOPLIST_KEY_UIApplicationSupportsIndirectInputEvents = YES;
				INFOPLIST_KEY_UILaunchStoryboardName = LaunchScreen;
				INFOPLIST_KEY_UIMainStoryboardFile = Main;
				INFOPLIST_KEY_UISupportedInterfaceOrientations = UIInterfaceOrientationPortrait;
				INFOPLIST_KEY_UISupportedInterfaceOrientations_iPad = "UIInterfaceOrientationLandscapeLeft UIInterfaceOrientationLandscapeRight UIInterfaceOrientationPortrait UIInterfaceOrientationPortraitUpsideDown";
				IPHONEOS_DEPLOYMENT_TARGET = 15.0;
				LD_RUNPATH_SEARCH_PATHS = (
					"$(inherited)",
					"@executable_path/Frameworks",
				);
				MARKETING_VERSION = 1.0;
				PRODUCT_BUNDLE_IDENTIFIER = com.acasia.ShoppingMateApp;
				PRODUCT_NAME = "$(TARGET_NAME)";
				SUPPORTED_PLATFORMS = "iphoneos iphonesimulator";
				SUPPORTS_MACCATALYST = NO;
				SUPPORTS_MAC_DESIGNED_FOR_IPHONE_IPAD = NO;
				SWIFT_EMIT_LOC_STRINGS = YES;
				SWIFT_VERSION = 5.0;
				TARGETED_DEVICE_FAMILY = 1;
			};
			name = Release;
		};
/* End XCBuildConfiguration section */

/* Begin XCConfigurationList section */
		AA8E88222C1BF0E800B477D3 /* Build configuration list for PBXProject "ShoppingMateApp" */ = {
			isa = XCConfigurationList;
			buildConfigurations = (
				AA8E88392C1BF0EA00B477D3 /* Debug */,
				AA8E883A2C1BF0EA00B477D3 /* Release */,
			);
			defaultConfigurationIsVisible = 0;
			defaultConfigurationName = Release;
		};
		AA8E883B2C1BF0EA00B477D3 /* Build configuration list for PBXNativeTarget "ShoppingMateApp" */ = {
			isa = XCConfigurationList;
			buildConfigurations = (
				AA8E883C2C1BF0EA00B477D3 /* Debug */,
				AA8E883D2C1BF0EA00B477D3 /* Release */,
			);
			defaultConfigurationIsVisible = 0;
			defaultConfigurationName = Release;
		};
/* End XCConfigurationList section */

/* Begin XCRemoteSwiftPackageReference section */
		AA8E88432C1BF31300B477D3 /* XCRemoteSwiftPackageReference "SnapKit" */ = {
			isa = XCRemoteSwiftPackageReference;
			repositoryURL = "https://github.com/SnapKit/SnapKit.git";
			requirement = {
				kind = upToNextMajorVersion;
				minimumVersion = 5.7.1;
			};
		};
		AA8E88462C1BF31F00B477D3 /* XCRemoteSwiftPackageReference "Alamofire" */ = {
			isa = XCRemoteSwiftPackageReference;
			repositoryURL = "https://github.com/Alamofire/Alamofire.git";
			requirement = {
				kind = upToNextMajorVersion;
				minimumVersion = 5.9.1;
			};
		};
		AA8E88492C1BF34000B477D3 /* XCRemoteSwiftPackageReference "realm-swift" */ = {
			isa = XCRemoteSwiftPackageReference;
			repositoryURL = "https://github.com/realm/realm-swift.git";
			requirement = {
				branch = master;
				kind = branch;
			};
		};
		AA8E88632C1C078D00B477D3 /* XCRemoteSwiftPackageReference "Kingfisher" */ = {
			isa = XCRemoteSwiftPackageReference;
			repositoryURL = "https://github.com/onevcat/Kingfisher.git";
			requirement = {
				kind = upToNextMajorVersion;
				minimumVersion = 7.12.0;
			};
		};
/* End XCRemoteSwiftPackageReference section */

/* Begin XCSwiftPackageProductDependency section */
		AA8E88442C1BF31300B477D3 /* SnapKit */ = {
			isa = XCSwiftPackageProductDependency;
			package = AA8E88432C1BF31300B477D3 /* XCRemoteSwiftPackageReference "SnapKit" */;
			productName = SnapKit;
		};
		AA8E88472C1BF31F00B477D3 /* Alamofire */ = {
			isa = XCSwiftPackageProductDependency;
			package = AA8E88462C1BF31F00B477D3 /* XCRemoteSwiftPackageReference "Alamofire" */;
			productName = Alamofire;
		};
		AA8E884A2C1BF34000B477D3 /* RealmSwift */ = {
			isa = XCSwiftPackageProductDependency;
			package = AA8E88492C1BF34000B477D3 /* XCRemoteSwiftPackageReference "realm-swift" */;
			productName = RealmSwift;
		};
		AA8E88642C1C078D00B477D3 /* Kingfisher */ = {
			isa = XCSwiftPackageProductDependency;
			package = AA8E88632C1C078D00B477D3 /* XCRemoteSwiftPackageReference "Kingfisher" */;
			productName = Kingfisher;
		};
/* End XCSwiftPackageProductDependency section */
	};
	rootObject = AA8E881F2C1BF0E800B477D3 /* Project object */;
}
